// !$*UTF8*$!
{
	archiveVersion = 1;
	classes = {
	};
	objectVersion = 46;
	objects = {

/* Begin PBXBuildFile section */
		8D0483CF1E7C6A59009CF777 /* AppDelegate.swift in Sources */ = {isa = PBXBuildFile; fileRef = 8D0483CE1E7C6A59009CF777 /* AppDelegate.swift */; };
		8D0483D11E7C6A59009CF777 /* ViewController.swift in Sources */ = {isa = PBXBuildFile; fileRef = 8D0483D01E7C6A59009CF777 /* ViewController.swift */; };
		8D0483D31E7C6A59009CF777 /* Assets.xcassets in Resources */ = {isa = PBXBuildFile; fileRef = 8D0483D21E7C6A59009CF777 /* Assets.xcassets */; };
		8D0483D61E7C6A59009CF777 /* Main.storyboard in Resources */ = {isa = PBXBuildFile; fileRef = 8D0483D41E7C6A59009CF777 /* Main.storyboard */; };
		8D0483E11E7C6A59009CF777 /* guetzli_guiTests.swift in Sources */ = {isa = PBXBuildFile; fileRef = 8D0483E01E7C6A59009CF777 /* guetzli_guiTests.swift */; };
		8D0483EC1E7C6A59009CF777 /* guetzli_guiUITests.swift in Sources */ = {isa = PBXBuildFile; fileRef = 8D0483EB1E7C6A59009CF777 /* guetzli_guiUITests.swift */; };
		8D0483FA1E7C8644009CF777 /* Command.swift in Sources */ = {isa = PBXBuildFile; fileRef = 8D0483F91E7C8644009CF777 /* Command.swift */; };
/* End PBXBuildFile section */

/* Begin PBXContainerItemProxy section */
		8D0483DD1E7C6A59009CF777 /* PBXContainerItemProxy */ = {
			isa = PBXContainerItemProxy;
			containerPortal = 8D0483C31E7C6A59009CF777 /* Project object */;
			proxyType = 1;
			remoteGlobalIDString = 8D0483CA1E7C6A59009CF777;
			remoteInfo = "guetzli-gui";
		};
		8D0483E81E7C6A59009CF777 /* PBXContainerItemProxy */ = {
			isa = PBXContainerItemProxy;
			containerPortal = 8D0483C31E7C6A59009CF777 /* Project object */;
			proxyType = 1;
			remoteGlobalIDString = 8D0483CA1E7C6A59009CF777;
			remoteInfo = "guetzli-gui";
		};
/* End PBXContainerItemProxy section */

/* Begin PBXFileReference section */
		8D0483CB1E7C6A59009CF777 /* guetzli-gui.app */ = {isa = PBXFileReference; explicitFileType = wrapper.application; includeInIndex = 0; path = "guetzli-gui.app"; sourceTree = BUILT_PRODUCTS_DIR; };
		8D0483CE1E7C6A59009CF777 /* AppDelegate.swift */ = {isa = PBXFileReference; lastKnownFileType = sourcecode.swift; path = AppDelegate.swift; sourceTree = "<group>"; };
		8D0483D01E7C6A59009CF777 /* ViewController.swift */ = {isa = PBXFileReference; lastKnownFileType = sourcecode.swift; path = ViewController.swift; sourceTree = "<group>"; };
		8D0483D21E7C6A59009CF777 /* Assets.xcassets */ = {isa = PBXFileReference; lastKnownFileType = folder.assetcatalog; path = Assets.xcassets; sourceTree = "<group>"; };
		8D0483D51E7C6A59009CF777 /* Base */ = {isa = PBXFileReference; lastKnownFileType = file.storyboard; name = Base; path = Base.lproj/Main.storyboard; sourceTree = "<group>"; };
		8D0483D71E7C6A59009CF777 /* Info.plist */ = {isa = PBXFileReference; lastKnownFileType = text.plist.xml; path = Info.plist; sourceTree = "<group>"; };
		8D0483DC1E7C6A59009CF777 /* guetzli-guiTests.xctest */ = {isa = PBXFileReference; explicitFileType = wrapper.cfbundle; includeInIndex = 0; path = "guetzli-guiTests.xctest"; sourceTree = BUILT_PRODUCTS_DIR; };
		8D0483E01E7C6A59009CF777 /* guetzli_guiTests.swift */ = {isa = PBXFileReference; lastKnownFileType = sourcecode.swift; path = guetzli_guiTests.swift; sourceTree = "<group>"; };
		8D0483E21E7C6A59009CF777 /* Info.plist */ = {isa = PBXFileReference; lastKnownFileType = text.plist.xml; path = Info.plist; sourceTree = "<group>"; };
		8D0483E71E7C6A59009CF777 /* guetzli-guiUITests.xctest */ = {isa = PBXFileReference; explicitFileType = wrapper.cfbundle; includeInIndex = 0; path = "guetzli-guiUITests.xctest"; sourceTree = BUILT_PRODUCTS_DIR; };
		8D0483EB1E7C6A59009CF777 /* guetzli_guiUITests.swift */ = {isa = PBXFileReference; lastKnownFileType = sourcecode.swift; path = guetzli_guiUITests.swift; sourceTree = "<group>"; };
		8D0483ED1E7C6A59009CF777 /* Info.plist */ = {isa = PBXFileReference; lastKnownFileType = text.plist.xml; path = Info.plist; sourceTree = "<group>"; };
		8D0483F91E7C8644009CF777 /* Command.swift */ = {isa = PBXFileReference; fileEncoding = 4; lastKnownFileType = sourcecode.swift; path = Command.swift; sourceTree = "<group>"; };
/* End PBXFileReference section */

/* Begin PBXFrameworksBuildPhase section */
		8D0483C81E7C6A59009CF777 /* Frameworks */ = {
			isa = PBXFrameworksBuildPhase;
			buildActionMask = 2147483647;
			files = (
			);
			runOnlyForDeploymentPostprocessing = 0;
		};
		8D0483D91E7C6A59009CF777 /* Frameworks */ = {
			isa = PBXFrameworksBuildPhase;
			buildActionMask = 2147483647;
			files = (
			);
			runOnlyForDeploymentPostprocessing = 0;
		};
		8D0483E41E7C6A59009CF777 /* Frameworks */ = {
			isa = PBXFrameworksBuildPhase;
			buildActionMask = 2147483647;
			files = (
			);
			runOnlyForDeploymentPostprocessing = 0;
		};
/* End PBXFrameworksBuildPhase section */

/* Begin PBXGroup section */
		8D0483C21E7C6A59009CF777 = {
			isa = PBXGroup;
			children = (
				8D0483CD1E7C6A59009CF777 /* guetzli-gui */,
				8D0483DF1E7C6A59009CF777 /* guetzli-guiTests */,
				8D0483EA1E7C6A59009CF777 /* guetzli-guiUITests */,
				8D0483CC1E7C6A59009CF777 /* Products */,
			);
			sourceTree = "<group>";
		};
		8D0483CC1E7C6A59009CF777 /* Products */ = {
			isa = PBXGroup;
			children = (
				8D0483CB1E7C6A59009CF777 /* guetzli-gui.app */,
				8D0483DC1E7C6A59009CF777 /* guetzli-guiTests.xctest */,
				8D0483E71E7C6A59009CF777 /* guetzli-guiUITests.xctest */,
			);
			name = Products;
			sourceTree = "<group>";
		};
		8D0483CD1E7C6A59009CF777 /* guetzli-gui */ = {
			isa = PBXGroup;
			children = (
				8D0483CE1E7C6A59009CF777 /* AppDelegate.swift */,
				8D0483D01E7C6A59009CF777 /* ViewController.swift */,
				8D0483D21E7C6A59009CF777 /* Assets.xcassets */,
				8D0483D41E7C6A59009CF777 /* Main.storyboard */,
				8D0483D71E7C6A59009CF777 /* Info.plist */,
				8D0483F91E7C8644009CF777 /* Command.swift */,
			);
			path = "guetzli-gui";
			sourceTree = "<group>";
		};
		8D0483DF1E7C6A59009CF777 /* guetzli-guiTests */ = {
			isa = PBXGroup;
			children = (
				8D0483E01E7C6A59009CF777 /* guetzli_guiTests.swift */,
				8D0483E21E7C6A59009CF777 /* Info.plist */,
			);
			path = "guetzli-guiTests";
			sourceTree = "<group>";
		};
		8D0483EA1E7C6A59009CF777 /* guetzli-guiUITests */ = {
			isa = PBXGroup;
			children = (
				8D0483EB1E7C6A59009CF777 /* guetzli_guiUITests.swift */,
				8D0483ED1E7C6A59009CF777 /* Info.plist */,
			);
			path = "guetzli-guiUITests";
			sourceTree = "<group>";
		};
/* End PBXGroup section */

/* Begin PBXNativeTarget section */
		8D0483CA1E7C6A59009CF777 /* guetzli-gui */ = {
			isa = PBXNativeTarget;
			buildConfigurationList = 8D0483F01E7C6A59009CF777 /* Build configuration list for PBXNativeTarget "guetzli-gui" */;
			buildPhases = (
				8D0483C71E7C6A59009CF777 /* Sources */,
				8D0483C81E7C6A59009CF777 /* Frameworks */,
				8D0483C91E7C6A59009CF777 /* Resources */,
			);
			buildRules = (
			);
			dependencies = (
			);
			name = "guetzli-gui";
			productName = "guetzli-gui";
			productReference = 8D0483CB1E7C6A59009CF777 /* guetzli-gui.app */;
			productType = "com.apple.product-type.application";
		};
		8D0483DB1E7C6A59009CF777 /* guetzli-guiTests */ = {
			isa = PBXNativeTarget;
			buildConfigurationList = 8D0483F31E7C6A59009CF777 /* Build configuration list for PBXNativeTarget "guetzli-guiTests" */;
			buildPhases = (
				8D0483D81E7C6A59009CF777 /* Sources */,
				8D0483D91E7C6A59009CF777 /* Frameworks */,
				8D0483DA1E7C6A59009CF777 /* Resources */,
			);
			buildRules = (
			);
			dependencies = (
				8D0483DE1E7C6A59009CF777 /* PBXTargetDependency */,
			);
			name = "guetzli-guiTests";
			productName = "guetzli-guiTests";
			productReference = 8D0483DC1E7C6A59009CF777 /* guetzli-guiTests.xctest */;
			productType = "com.apple.product-type.bundle.unit-test";
		};
		8D0483E61E7C6A59009CF777 /* guetzli-guiUITests */ = {
			isa = PBXNativeTarget;
			buildConfigurationList = 8D0483F61E7C6A59009CF777 /* Build configuration list for PBXNativeTarget "guetzli-guiUITests" */;
			buildPhases = (
				8D0483E31E7C6A59009CF777 /* Sources */,
				8D0483E41E7C6A59009CF777 /* Frameworks */,
				8D0483E51E7C6A59009CF777 /* Resources */,
			);
			buildRules = (
			);
			dependencies = (
				8D0483E91E7C6A59009CF777 /* PBXTargetDependency */,
			);
			name = "guetzli-guiUITests";
			productName = "guetzli-guiUITests";
			productReference = 8D0483E71E7C6A59009CF777 /* guetzli-guiUITests.xctest */;
			productType = "com.apple.product-type.bundle.ui-testing";
		};
/* End PBXNativeTarget section */

/* Begin PBXProject section */
		8D0483C31E7C6A59009CF777 /* Project object */ = {
			isa = PBXProject;
			attributes = {
				LastSwiftUpdateCheck = 0800;
				LastUpgradeCheck = 0800;
				ORGANIZATIONNAME = "Matthew Davies";
				TargetAttributes = {
					8D0483CA1E7C6A59009CF777 = {
						CreatedOnToolsVersion = 8.0;
						DevelopmentTeam = T7GU2YV9CY;
						ProvisioningStyle = Automatic;
					};
					8D0483DB1E7C6A59009CF777 = {
						CreatedOnToolsVersion = 8.0;
						DevelopmentTeam = T7GU2YV9CY;
						ProvisioningStyle = Automatic;
						TestTargetID = 8D0483CA1E7C6A59009CF777;
					};
					8D0483E61E7C6A59009CF777 = {
						CreatedOnToolsVersion = 8.0;
						DevelopmentTeam = T7GU2YV9CY;
						ProvisioningStyle = Automatic;
						TestTargetID = 8D0483CA1E7C6A59009CF777;
					};
				};
			};
			buildConfigurationList = 8D0483C61E7C6A59009CF777 /* Build configuration list for PBXProject "guetzli-gui" */;
			compatibilityVersion = "Xcode 3.2";
			developmentRegion = English;
			hasScannedForEncodings = 0;
			knownRegions = (
				en,
				Base,
			);
			mainGroup = 8D0483C21E7C6A59009CF777;
			productRefGroup = 8D0483CC1E7C6A59009CF777 /* Products */;
			projectDirPath = "";
			projectRoot = "";
			targets = (
				8D0483CA1E7C6A59009CF777 /* guetzli-gui */,
				8D0483DB1E7C6A59009CF777 /* guetzli-guiTests */,
				8D0483E61E7C6A59009CF777 /* guetzli-guiUITests */,
			);
		};
/* End PBXProject section */

/* Begin PBXResourcesBuildPhase section */
		8D0483C91E7C6A59009CF777 /* Resources */ = {
			isa = PBXResourcesBuildPhase;
			buildActionMask = 2147483647;
			files = (
				8D0483D31E7C6A59009CF777 /* Assets.xcassets in Resources */,
				8D0483D61E7C6A59009CF777 /* Main.storyboard in Resources */,
			);
			runOnlyForDeploymentPostprocessing = 0;
		};
		8D0483DA1E7C6A59009CF777 /* Resources */ = {
			isa = PBXResourcesBuildPhase;
			buildActionMask = 2147483647;
			files = (
			);
			runOnlyForDeploymentPostprocessing = 0;
		};
		8D0483E51E7C6A59009CF777 /* Resources */ = {
			isa = PBXResourcesBuildPhase;
			buildActionMask = 2147483647;
			files = (
			);
			runOnlyForDeploymentPostprocessing = 0;
		};
/* End PBXResourcesBuildPhase section */

/* Begin PBXSourcesBuildPhase section */
		8D0483C71E7C6A59009CF777 /* Sources */ = {
			isa = PBXSourcesBuildPhase;
			buildActionMask = 2147483647;
			files = (
				8D0483D11E7C6A59009CF777 /* ViewController.swift in Sources */,
				8D0483CF1E7C6A59009CF777 /* AppDelegate.swift in Sources */,
				8D0483FA1E7C8644009CF777 /* Command.swift in Sources */,
			);
			runOnlyForDeploymentPostprocessing = 0;
		};
		8D0483D81E7C6A59009CF777 /* Sources */ = {
			isa = PBXSourcesBuildPhase;
			buildActionMask = 2147483647;
			files = (
				8D0483E11E7C6A59009CF777 /* guetzli_guiTests.swift in Sources */,
			);
			runOnlyForDeploymentPostprocessing = 0;
		};
		8D0483E31E7C6A59009CF777 /* Sources */ = {
			isa = PBXSourcesBuildPhase;
			buildActionMask = 2147483647;
			files = (
				8D0483EC1E7C6A59009CF777 /* guetzli_guiUITests.swift in Sources */,
			);
			runOnlyForDeploymentPostprocessing = 0;
		};
/* End PBXSourcesBuildPhase section */

/* Begin PBXTargetDependency section */
		8D0483DE1E7C6A59009CF777 /* PBXTargetDependency */ = {
			isa = PBXTargetDependency;
			target = 8D0483CA1E7C6A59009CF777 /* guetzli-gui */;
			targetProxy = 8D0483DD1E7C6A59009CF777 /* PBXContainerItemProxy */;
		};
		8D0483E91E7C6A59009CF777 /* PBXTargetDependency */ = {
			isa = PBXTargetDependency;
			target = 8D0483CA1E7C6A59009CF777 /* guetzli-gui */;
			targetProxy = 8D0483E81E7C6A59009CF777 /* PBXContainerItemProxy */;
		};
/* End PBXTargetDependency section */

/* Begin PBXVariantGroup section */
		8D0483D41E7C6A59009CF777 /* Main.storyboard */ = {
			isa = PBXVariantGroup;
			children = (
				8D0483D51E7C6A59009CF777 /* Base */,
			);
			name = Main.storyboard;
			sourceTree = "<group>";
		};
/* End PBXVariantGroup section */

/* Begin XCBuildConfiguration section */
		8D0483EE1E7C6A59009CF777 /* Debug */ = {
			isa = XCBuildConfiguration;
			buildSettings = {
				ALWAYS_SEARCH_USER_PATHS = NO;
				CLANG_ANALYZER_NONNULL = YES;
				CLANG_CXX_LANGUAGE_STANDARD = "gnu++0x";
				CLANG_CXX_LIBRARY = "libc++";
				CLANG_ENABLE_MODULES = YES;
				CLANG_ENABLE_OBJC_ARC = YES;
				CLANG_WARN_BOOL_CONVERSION = YES;
				CLANG_WARN_CONSTANT_CONVERSION = YES;
				CLANG_WARN_DIRECT_OBJC_ISA_USAGE = YES_ERROR;
				CLANG_WARN_DOCUMENTATION_COMMENTS = YES;
				CLANG_WARN_EMPTY_BODY = YES;
				CLANG_WARN_ENUM_CONVERSION = YES;
				CLANG_WARN_INFINITE_RECURSION = YES;
				CLANG_WARN_INT_CONVERSION = YES;
				CLANG_WARN_OBJC_ROOT_CLASS = YES_ERROR;
				CLANG_WARN_SUSPICIOUS_MOVES = YES;
				CLANG_WARN_UNREACHABLE_CODE = YES;
				CLANG_WARN__DUPLICATE_METHOD_MATCH = YES;
				CODE_SIGN_IDENTITY = "-";
				COPY_PHASE_STRIP = NO;
				DEBUG_INFORMATION_FORMAT = dwarf;
				ENABLE_STRICT_OBJC_MSGSEND = YES;
				ENABLE_TESTABILITY = YES;
				GCC_C_LANGUAGE_STANDARD = gnu99;
				GCC_DYNAMIC_NO_PIC = NO;
				GCC_NO_COMMON_BLOCKS = YES;
				GCC_OPTIMIZATION_LEVEL = 0;
				GCC_PREPROCESSOR_DEFINITIONS = (
					"DEBUG=1",
					"$(inherited)",
				);
				GCC_WARN_64_TO_32_BIT_CONVERSION = YES;
				GCC_WARN_ABOUT_RETURN_TYPE = YES_ERROR;
				GCC_WARN_UNDECLARED_SELECTOR = YES;
				GCC_WARN_UNINITIALIZED_AUTOS = YES_AGGRESSIVE;
				GCC_WARN_UNUSED_FUNCTION = YES;
				GCC_WARN_UNUSED_VARIABLE = YES;
				MACOSX_DEPLOYMENT_TARGET = 10.11;
				MTL_ENABLE_DEBUG_INFO = YES;
				ONLY_ACTIVE_ARCH = YES;
				SDKROOT = macosx;
				SWIFT_ACTIVE_COMPILATION_CONDITIONS = DEBUG;
				SWIFT_OPTIMIZATION_LEVEL = "-Onone";
			};
			name = Debug;
		};
		8D0483EF1E7C6A59009CF777 /* Release */ = {
			isa = XCBuildConfiguration;
			buildSettings = {
				ALWAYS_SEARCH_USER_PATHS = NO;
				CLANG_ANALYZER_NONNULL = YES;
				CLANG_CXX_LANGUAGE_STANDARD = "gnu++0x";
				CLANG_CXX_LIBRARY = "libc++";
				CLANG_ENABLE_MODULES = YES;
				CLANG_ENABLE_OBJC_ARC = YES;
				CLANG_WARN_BOOL_CONVERSION = YES;
				CLANG_WARN_CONSTANT_CONVERSION = YES;
				CLANG_WARN_DIRECT_OBJC_ISA_USAGE = YES_ERROR;
				CLANG_WARN_DOCUMENTATION_COMMENTS = YES;
				CLANG_WARN_EMPTY_BODY = YES;
				CLANG_WARN_ENUM_CONVERSION = YES;
				CLANG_WARN_INFINITE_RECURSION = YES;
				CLANG_WARN_INT_CONVERSION = YES;
				CLANG_WARN_OBJC_ROOT_CLASS = YES_ERROR;
				CLANG_WARN_SUSPICIOUS_MOVES = YES;
				CLANG_WARN_UNREACHABLE_CODE = YES;
				CLANG_WARN__DUPLICATE_METHOD_MATCH = YES;
				CODE_SIGN_IDENTITY = "-";
				COPY_PHASE_STRIP = NO;
				DEBUG_INFORMATION_FORMAT = "dwarf-with-dsym";
				ENABLE_NS_ASSERTIONS = NO;
				ENABLE_STRICT_OBJC_MSGSEND = YES;
				GCC_C_LANGUAGE_STANDARD = gnu99;
				GCC_NO_COMMON_BLOCKS = YES;
				GCC_WARN_64_TO_32_BIT_CONVERSION = YES;
				GCC_WARN_ABOUT_RETURN_TYPE = YES_ERROR;
				GCC_WARN_UNDECLARED_SELECTOR = YES;
				GCC_WARN_UNINITIALIZED_AUTOS = YES_AGGRESSIVE;
				GCC_WARN_UNUSED_FUNCTION = YES;
				GCC_WARN_UNUSED_VARIABLE = YES;
				MACOSX_DEPLOYMENT_TARGET = 10.11;
				MTL_ENABLE_DEBUG_INFO = NO;
				SDKROOT = macosx;
				SWIFT_OPTIMIZATION_LEVEL = "-Owholemodule";
			};
			name = Release;
		};
		8D0483F11E7C6A59009CF777 /* Debug */ = {
			isa = XCBuildConfiguration;
			buildSettings = {
				ASSETCATALOG_COMPILER_APPICON_NAME = AppIcon;
				COMBINE_HIDPI_IMAGES = YES;
				DEVELOPMENT_TEAM = T7GU2YV9CY;
				INFOPLIST_FILE = "guetzli-gui/Info.plist";
				LD_RUNPATH_SEARCH_PATHS = "$(inherited) @executable_path/../Frameworks";
				PRODUCT_BUNDLE_IDENTIFIER = "com.daviesgeek.guetzli-gui";
				PRODUCT_NAME = "$(TARGET_NAME)";
				SWIFT_VERSION = 3.0;
			};
			name = Debug;
		};
		8D0483F21E7C6A59009CF777 /* Release */ = {
			isa = XCBuildConfiguration;
			buildSettings = {
				ASSETCATALOG_COMPILER_APPICON_NAME = AppIcon;
				COMBINE_HIDPI_IMAGES = YES;
				DEVELOPMENT_TEAM = T7GU2YV9CY;
				INFOPLIST_FILE = "guetzli-gui/Info.plist";
				LD_RUNPATH_SEARCH_PATHS = "$(inherited) @executable_path/../Frameworks";
				PRODUCT_BUNDLE_IDENTIFIER = "com.daviesgeek.guetzli-gui";
				PRODUCT_NAME = "$(TARGET_NAME)";
				SWIFT_VERSION = 3.0;
			};
			name = Release;
		};
		8D0483F41E7C6A59009CF777 /* Debug */ = {
			isa = XCBuildConfiguration;
			buildSettings = {
				ALWAYS_EMBED_SWIFT_STANDARD_LIBRARIES = YES;
				BUNDLE_LOADER = "$(TEST_HOST)";
				COMBINE_HIDPI_IMAGES = YES;
				DEVELOPMENT_TEAM = T7GU2YV9CY;
				INFOPLIST_FILE = "guetzli-guiTests/Info.plist";
				LD_RUNPATH_SEARCH_PATHS = "$(inherited) @executable_path/../Frameworks @loader_path/../Frameworks";
				PRODUCT_BUNDLE_IDENTIFIER = "com.daviesgeek.guetzli-guiTests";
				PRODUCT_NAME = "$(TARGET_NAME)";
				SWIFT_VERSION = 3.0;
				TEST_HOST = "$(BUILT_PRODUCTS_DIR)/guetzli-gui.app/Contents/MacOS/guetzli-gui";
			};
			name = Debug;
		};
		8D0483F51E7C6A59009CF777 /* Release */ = {
			isa = XCBuildConfiguration;
			buildSettings = {
				ALWAYS_EMBED_SWIFT_STANDARD_LIBRARIES = YES;
				BUNDLE_LOADER = "$(TEST_HOST)";
				COMBINE_HIDPI_IMAGES = YES;
				DEVELOPMENT_TEAM = T7GU2YV9CY;
				INFOPLIST_FILE = "guetzli-guiTests/Info.plist";
				LD_RUNPATH_SEARCH_PATHS = "$(inherited) @executable_path/../Frameworks @loader_path/../Frameworks";
				PRODUCT_BUNDLE_IDENTIFIER = "com.daviesgeek.guetzli-guiTests";
				PRODUCT_NAME = "$(TARGET_NAME)";
				SWIFT_VERSION = 3.0;
				TEST_HOST = "$(BUILT_PRODUCTS_DIR)/guetzli-gui.app/Contents/MacOS/guetzli-gui";
			};
			name = Release;
		};
		8D0483F71E7C6A59009CF777 /* Debug */ = {
			isa = XCBuildConfiguration;
			buildSettings = {
				ALWAYS_EMBED_SWIFT_STANDARD_LIBRARIES = YES;
				COMBINE_HIDPI_IMAGES = YES;
				DEVELOPMENT_TEAM = T7GU2YV9CY;
				INFOPLIST_FILE = "guetzli-guiUITests/Info.plist";
				LD_RUNPATH_SEARCH_PATHS = "$(inherited) @executable_path/../Frameworks @loader_path/../Frameworks";
				PRODUCT_BUNDLE_IDENTIFIER = "com.daviesgeek.guetzli-guiUITests";
				PRODUCT_NAME = "$(TARGET_NAME)";
				SWIFT_VERSION = 3.0;
				TEST_TARGET_NAME = "guetzli-gui";
			};
			name = Debug;
		};
		8D0483F81E7C6A59009CF777 /* Release */ = {
			isa = XCBuildConfiguration;
			buildSettings = {
				ALWAYS_EMBED_SWIFT_STANDARD_LIBRARIES = YES;
				COMBINE_HIDPI_IMAGES = YES;
				DEVELOPMENT_TEAM = T7GU2YV9CY;
				INFOPLIST_FILE = "guetzli-guiUITests/Info.plist";
				LD_RUNPATH_SEARCH_PATHS = "$(inherited) @executable_path/../Frameworks @loader_path/../Frameworks";
				PRODUCT_BUNDLE_IDENTIFIER = "com.daviesgeek.guetzli-guiUITests";
				PRODUCT_NAME = "$(TARGET_NAME)";
				SWIFT_VERSION = 3.0;
				TEST_TARGET_NAME = "guetzli-gui";
			};
			name = Release;
		};
/* End XCBuildConfiguration section */

/* Begin XCConfigurationList section */
		8D0483C61E7C6A59009CF777 /* Build configuration list for PBXProject "guetzli-gui" */ = {
			isa = XCConfigurationList;
			buildConfigurations = (
				8D0483EE1E7C6A59009CF777 /* Debug */,
				8D0483EF1E7C6A59009CF777 /* Release */,
			);
			defaultConfigurationIsVisible = 0;
			defaultConfigurationName = Release;
		};
		8D0483F01E7C6A59009CF777 /* Build configuration list for PBXNativeTarget "guetzli-gui" */ = {
			isa = XCConfigurationList;
			buildConfigurations = (
				8D0483F11E7C6A59009CF777 /* Debug */,
				8D0483F21E7C6A59009CF777 /* Release */,
			);
			defaultConfigurationIsVisible = 0;
		};
		8D0483F31E7C6A59009CF777 /* Build configuration list for PBXNativeTarget "guetzli-guiTests" */ = {
			isa = XCConfigurationList;
			buildConfigurations = (
				8D0483F41E7C6A59009CF777 /* Debug */,
				8D0483F51E7C6A59009CF777 /* Release */,
			);
			defaultConfigurationIsVisible = 0;
		};
		8D0483F61E7C6A59009CF777 /* Build configuration list for PBXNativeTarget "guetzli-guiUITests" */ = {
			isa = XCConfigurationList;
			buildConfigurations = (
				8D0483F71E7C6A59009CF777 /* Debug */,
				8D0483F81E7C6A59009CF777 /* Release */,
			);
			defaultConfigurationIsVisible = 0;
		};
/* End XCConfigurationList section */
	};
	rootObject = 8D0483C31E7C6A59009CF777 /* Project object */;
}
